
Microsoft Visual Studio Solution File, Format Version 12.00
# Visual Studio Version 17
VisualStudioVersion = 17.8.34322.80
MinimumVisualStudioVersion = 10.0.40219.1
Project("{9A19103F-16F7-4668-BE54-9A1E7A4F7556}") = "VPTest.Server", "VPTest.Server\VPTest.Server.csproj", "{9E1AE70E-3325-4EFC-96F3-D20991116234}"
EndProject
Project("{54A90642-561A-4BB1-A94E-469ADEE60C69}") = "vptest.client", "vptest.client\vptest.client.esproj", "{25769980-43C1-4AD9-AD3F-97438849E083}"
EndProject
Project("{FAE04EC0-301F-11D3-BF4B-00C04F79EFBC}") = "VPTesting", "VPTesting\VPTesting.csproj", "{291C9056-EE67-4EE3-8B70-1198574DBB36}"
EndProject
Global
	GlobalSection(SolutionConfigurationPlatforms) = preSolution
		Debug|Any CPU = Debug|Any CPU
		Release|Any CPU = Release|Any CPU
	EndGlobalSection
	GlobalSection(ProjectConfigurationPlatforms) = postSolution
		{9E1AE70E-3325-4EFC-96F3-D20991116234}.Debug|Any CPU.ActiveCfg = Debug|Any CPU
		{9E1AE70E-3325-4EFC-96F3-D20991116234}.Debug|Any CPU.Build.0 = Debug|Any CPU
		{9E1AE70E-3325-4EFC-96F3-D20991116234}.Release|Any CPU.ActiveCfg = Release|Any CPU
		{9E1AE70E-3325-4EFC-96F3-D20991116234}.Release|Any CPU.Build.0 = Release|Any CPU
		{25769980-43C1-4AD9-AD3F-97438849E083}.Debug|Any CPU.ActiveCfg = Debug|Any CPU
		{25769980-43C1-4AD9-AD3F-97438849E083}.Debug|Any CPU.Build.0 = Debug|Any CPU
		{25769980-43C1-4AD9-AD3F-97438849E083}.Debug|Any CPU.Deploy.0 = Debug|Any CPU
		{25769980-43C1-4AD9-AD3F-97438849E083}.Release|Any CPU.ActiveCfg = Release|Any CPU
		{25769980-43C1-4AD9-AD3F-97438849E083}.Release|Any CPU.Build.0 = Release|Any CPU
		{25769980-43C1-4AD9-AD3F-97438849E083}.Release|Any CPU.Deploy.0 = Release|Any CPU
		{291C9056-EE67-4EE3-8B70-1198574DBB36}.Debug|Any CPU.ActiveCfg = Debug|Any CPU
		{291C9056-EE67-4EE3-8B70-1198574DBB36}.Debug|Any CPU.Build.0 = Debug|Any CPU
		{291C9056-EE67-4EE3-8B70-1198574DBB36}.Release|Any CPU.ActiveCfg = Release|Any CPU
		{291C9056-EE67-4EE3-8B70-1198574DBB36}.Release|Any CPU.Build.0 = Release|Any CPU
	EndGlobalSection
	GlobalSection(SolutionProperties) = preSolution
		HideSolutionNode = FALSE
	EndGlobalSection
	GlobalSection(ExtensibilityGlobals) = postSolution
		SolutionGuid = {75BB95B7-2D9D-4748-9855-137AAD1F834C}
	EndGlobalSection
EndGlobal
